// !$*UTF8*$!
{
	archiveVersion = 1;
	classes = {
	};
	objectVersion = 48;
	objects = {

/* Begin PBXBuildFile section */
		088C7960D08CBD6A7BFBE2BD /* libPods-VipVideo-iPhone.a in Frameworks */ = {isa = PBXBuildFile; fileRef = 683C5E4E62598A710103B4DC /* libPods-VipVideo-iPhone.a */; };
		4FA2AA9E20E27B9E0010144F /* HLTabBarController.m in Sources */ = {isa = PBXBuildFile; fileRef = 4FA2AA9D20E27B9E0010144F /* HLTabBarController.m */; };
		4FB74BAA21CE85AC00F52070 /* UIButton+Addition.m in Sources */ = {isa = PBXBuildFile; fileRef = 4FB74BA821CE85AC00F52070 /* UIButton+Addition.m */; };
		4FB74BAC21CE868A00F52070 /* README.md in Resources */ = {isa = PBXBuildFile; fileRef = 4FB74BAB21CE868A00F52070 /* README.md */; };
		C70B57A62112AC200024D60B /* JSONKit.m in Sources */ = {isa = PBXBuildFile; fileRef = C70B579C2112AC200024D60B /* JSONKit.m */; settings = {COMPILER_FLAGS = "-fno-objc-arc"; }; };
		C70B57A72112AC200024D60B /* VipURLManager.m in Sources */ = {isa = PBXBuildFile; fileRef = C70B579D2112AC200024D60B /* VipURLManager.m */; };
		C70B57A82112AC200024D60B /* HybridNSURLProtocol.m in Sources */ = {isa = PBXBuildFile; fileRef = C70B57A02112AC200024D60B /* HybridNSURLProtocol.m */; };
		C70B57A92112AC200024D60B /* NSURLProtocol+WKWebVIew.m in Sources */ = {isa = PBXBuildFile; fileRef = C70B57A12112AC200024D60B /* NSURLProtocol+WKWebVIew.m */; };
		C70B57AA2112AC200024D60B /* NSURLProtocol+UIWebVIew.m in Sources */ = {isa = PBXBuildFile; fileRef = C70B57A22112AC200024D60B /* NSURLProtocol+UIWebVIew.m */; };
		C70EBD2C2016D4C500413F85 /* HLPlayerViewController.m in Sources */ = {isa = PBXBuildFile; fileRef = C70EBD2B2016D4C500413F85 /* HLPlayerViewController.m */; };
		C7240A961FA174D3000684F1 /* AppDelegate.m in Sources */ = {isa = PBXBuildFile; fileRef = C7240A951FA174D3000684F1 /* AppDelegate.m */; };
		C7240A9C1FA174D3000684F1 /* Main.storyboard in Resources */ = {isa = PBXBuildFile; fileRef = C7240A9A1FA174D3000684F1 /* Main.storyboard */; };
		C7240A9E1FA174D3000684F1 /* Assets.xcassets in Resources */ = {isa = PBXBuildFile; fileRef = C7240A9D1FA174D3000684F1 /* Assets.xcassets */; };
		C7240AA11FA174D3000684F1 /* LaunchScreen.storyboard in Resources */ = {isa = PBXBuildFile; fileRef = C7240A9F1FA174D3000684F1 /* LaunchScreen.storyboard */; };
		C7240AA41FA174D3000684F1 /* main.m in Sources */ = {isa = PBXBuildFile; fileRef = C7240AA31FA174D3000684F1 /* main.m */; };
		C72675C720E08A2A00D1F92E /* HLDownload.framework in Frameworks */ = {isa = PBXBuildFile; fileRef = C72675C620E08A2100D1F92E /* HLDownload.framework */; };
		C72675C820E08A2A00D1F92E /* HLDownload.framework in Embed Frameworks */ = {isa = PBXBuildFile; fileRef = C72675C620E08A2100D1F92E /* HLDownload.framework */; settings = {ATTRIBUTES = (CodeSignOnCopy, RemoveHeadersOnCopy, ); }; };
		C72EE444214F460B00288C1C /* home@2x.png in Resources */ = {isa = PBXBuildFile; fileRef = C72EE442214F460B00288C1C /* home@2x.png */; };
		C72EE445214F460B00288C1C /* live@2x.png in Resources */ = {isa = PBXBuildFile; fileRef = C72EE443214F460B00288C1C /* live@2x.png */; };
		C72EE448214F4BEE00288C1C /* platlist@2x.png in Resources */ = {isa = PBXBuildFile; fileRef = C72EE446214F4BEE00288C1C /* platlist@2x.png */; };
		C72EE449214F4BEE00288C1C /* VIP@2x.png in Resources */ = {isa = PBXBuildFile; fileRef = C72EE447214F4BEE00288C1C /* VIP@2x.png */; };
		C72EE44B214F51BD00288C1C /* mine@2x.png in Resources */ = {isa = PBXBuildFile; fileRef = C72EE44A214F51BC00288C1C /* mine@2x.png */; };
		C72EE472214F51ED00288C1C /* HLHomeViewController.m in Sources */ = {isa = PBXBuildFile; fileRef = C72EE44E214F51ED00288C1C /* HLHomeViewController.m */; };
		C72EE473214F51ED00288C1C /* WMPlayerModel.m in Sources */ = {isa = PBXBuildFile; fileRef = C72EE451214F51ED00288C1C /* WMPlayerModel.m */; };
		C72EE474214F51ED00288C1C /* WMPlayer.bundle in Resources */ = {isa = PBXBuildFile; fileRef = C72EE452214F51ED00288C1C /* WMPlayer.bundle */; };
		C72EE475214F51ED00288C1C /* WMLightView.m in Sources */ = {isa = PBXBuildFile; fileRef = C72EE458214F51ED00288C1C /* WMLightView.m */; };
		C72EE476214F51ED00288C1C /* FastForwardView.m in Sources */ = {isa = PBXBuildFile; fileRef = C72EE459214F51ED00288C1C /* FastForwardView.m */; };
		C72EE477214F51ED00288C1C /* WMPlayer.m in Sources */ = {isa = PBXBuildFile; fileRef = C72EE45A214F51ED00288C1C /* WMPlayer.m */; };
		C72EE478214F51ED00288C1C /* QSPDownloadTool.m in Sources */ = {isa = PBXBuildFile; fileRef = C72EE45C214F51ED00288C1C /* QSPDownloadTool.m */; };
		C72EE479214F51ED00288C1C /* DownloadViewController.m in Sources */ = {isa = PBXBuildFile; fileRef = C72EE45E214F51ED00288C1C /* DownloadViewController.m */; };
		C72EE47A214F51ED00288C1C /* FinishedViewController.m in Sources */ = {isa = PBXBuildFile; fileRef = C72EE461214F51ED00288C1C /* FinishedViewController.m */; };
		C72EE47B214F51ED00288C1C /* DownLoadCell.m in Sources */ = {isa = PBXBuildFile; fileRef = C72EE464214F51ED00288C1C /* DownLoadCell.m */; };
		C72EE47C214F51ED00288C1C /* AppDelegate+Download.m in Sources */ = {isa = PBXBuildFile; fileRef = C72EE465214F51ED00288C1C /* AppDelegate+Download.m */; };
		C72EE47D214F51ED00288C1C /* HLTVHomeViewController.m in Sources */ = {isa = PBXBuildFile; fileRef = C72EE467214F51ED00288C1C /* HLTVHomeViewController.m */; };
		C72EE47E214F51ED00288C1C /* HLTVListViewController.m in Sources */ = {isa = PBXBuildFile; fileRef = C72EE468214F51ED00288C1C /* HLTVListViewController.m */; };
		C72EE47F214F51ED00288C1C /* MMovieModel.m in Sources */ = {isa = PBXBuildFile; fileRef = C72EE46B214F51ED00288C1C /* MMovieModel.m */; };
		C72EE480214F51ED00288C1C /* ListTableViewCell.m in Sources */ = {isa = PBXBuildFile; fileRef = C72EE46F214F51ED00288C1C /* ListTableViewCell.m */; };
		C72EE487214F530000288C1C /* HLMineViewController.m in Sources */ = {isa = PBXBuildFile; fileRef = C72EE486214F530000288C1C /* HLMineViewController.m */; };
		C72EE489214F588D00288C1C /* download@2x.png in Resources */ = {isa = PBXBuildFile; fileRef = C72EE488214F588D00288C1C /* download@2x.png */; };
/* End PBXBuildFile section */

/* Begin PBXContainerItemProxy section */
		C72675C520E08A2100D1F92E /* PBXContainerItemProxy */ = {
			isa = PBXContainerItemProxy;
			containerPortal = C72675C120E08A2100D1F92E /* HLDownload.xcodeproj */;
			proxyType = 2;
			remoteGlobalIDString = C726758C20E0893000D1F92E;
			remoteInfo = HLDownload;
		};
		C72675C920E08A2A00D1F92E /* PBXContainerItemProxy */ = {
			isa = PBXContainerItemProxy;
			containerPortal = C72675C120E08A2100D1F92E /* HLDownload.xcodeproj */;
			proxyType = 1;
			remoteGlobalIDString = C726758B20E0893000D1F92E;
			remoteInfo = HLDownload;
		};
/* End PBXContainerItemProxy section */

/* Begin PBXCopyFilesBuildPhase section */
		C72675CB20E08A2A00D1F92E /* Embed Frameworks */ = {
			isa = PBXCopyFilesBuildPhase;
			buildActionMask = 2147483647;
			dstPath = "";
			dstSubfolderSpec = 10;
			files = (
				C72675C820E08A2A00D1F92E /* HLDownload.framework in Embed Frameworks */,
			);
			name = "Embed Frameworks";
			runOnlyForDeploymentPostprocessing = 0;
		};
/* End PBXCopyFilesBuildPhase section */

/* Begin PBXFileReference section */
		374B924D2BF783FA18A84027 /* Pods-VipVideo-iPhone.debug.xcconfig */ = {isa = PBXFileReference; includeInIndex = 1; lastKnownFileType = text.xcconfig; name = "Pods-VipVideo-iPhone.debug.xcconfig"; path = "Pods/Target Support Files/Pods-VipVideo-iPhone/Pods-VipVideo-iPhone.debug.xcconfig"; sourceTree = "<group>"; };
		3FFBABEA1A43DE0B38ED6A63 /* Pods-VipVideo-iPhone.release.xcconfig */ = {isa = PBXFileReference; includeInIndex = 1; lastKnownFileType = text.xcconfig; name = "Pods-VipVideo-iPhone.release.xcconfig"; path = "Pods/Target Support Files/Pods-VipVideo-iPhone/Pods-VipVideo-iPhone.release.xcconfig"; sourceTree = "<group>"; };
		4FA2AA9C20E27B9E0010144F /* HLTabBarController.h */ = {isa = PBXFileReference; lastKnownFileType = sourcecode.c.h; path = HLTabBarController.h; sourceTree = "<group>"; };
		4FA2AA9D20E27B9E0010144F /* HLTabBarController.m */ = {isa = PBXFileReference; lastKnownFileType = sourcecode.c.objc; path = HLTabBarController.m; sourceTree = "<group>"; };
		4FB74BA821CE85AC00F52070 /* UIButton+Addition.m */ = {isa = PBXFileReference; fileEncoding = 4; lastKnownFileType = sourcecode.c.objc; path = "UIButton+Addition.m"; sourceTree = "<group>"; };
		4FB74BA921CE85AC00F52070 /* UIButton+Addition.h */ = {isa = PBXFileReference; fileEncoding = 4; lastKnownFileType = sourcecode.c.h; path = "UIButton+Addition.h"; sourceTree = "<group>"; };
		4FB74BAB21CE868A00F52070 /* README.md */ = {isa = PBXFileReference; fileEncoding = 4; lastKnownFileType = net.daringfireball.markdown; name = README.md; path = ../../README.md; sourceTree = "<group>"; };
		683C5E4E62598A710103B4DC /* libPods-VipVideo-iPhone.a */ = {isa = PBXFileReference; explicitFileType = archive.ar; includeInIndex = 0; path = "libPods-VipVideo-iPhone.a"; sourceTree = BUILT_PRODUCTS_DIR; };
		C70B579B2112AC200024D60B /* VipURLManager.h */ = {isa = PBXFileReference; fileEncoding = 4; lastKnownFileType = sourcecode.c.h; path = VipURLManager.h; sourceTree = "<group>"; };
		C70B579C2112AC200024D60B /* JSONKit.m */ = {isa = PBXFileReference; fileEncoding = 4; lastKnownFileType = sourcecode.c.objc; path = JSONKit.m; sourceTree = "<group>"; };
		C70B579D2112AC200024D60B /* VipURLManager.m */ = {isa = PBXFileReference; fileEncoding = 4; lastKnownFileType = sourcecode.c.objc; path = VipURLManager.m; sourceTree = "<group>"; };
		C70B579E2112AC200024D60B /* JSONKit.h */ = {isa = PBXFileReference; fileEncoding = 4; lastKnownFileType = sourcecode.c.h; path = JSONKit.h; sourceTree = "<group>"; };
		C70B57A02112AC200024D60B /* HybridNSURLProtocol.m */ = {isa = PBXFileReference; fileEncoding = 4; lastKnownFileType = sourcecode.c.objc; path = HybridNSURLProtocol.m; sourceTree = "<group>"; };
		C70B57A12112AC200024D60B /* NSURLProtocol+WKWebVIew.m */ = {isa = PBXFileReference; fileEncoding = 4; lastKnownFileType = sourcecode.c.objc; path = "NSURLProtocol+WKWebVIew.m"; sourceTree = "<group>"; };
		C70B57A22112AC200024D60B /* NSURLProtocol+UIWebVIew.m */ = {isa = PBXFileReference; fileEncoding = 4; lastKnownFileType = sourcecode.c.objc; path = "NSURLProtocol+UIWebVIew.m"; sourceTree = "<group>"; };
		C70B57A32112AC200024D60B /* HybridNSURLProtocol.h */ = {isa = PBXFileReference; fileEncoding = 4; lastKnownFileType = sourcecode.c.h; path = HybridNSURLProtocol.h; sourceTree = "<group>"; };
		C70B57A42112AC200024D60B /* NSURLProtocol+WKWebVIew.h */ = {isa = PBXFileReference; fileEncoding = 4; lastKnownFileType = sourcecode.c.h; path = "NSURLProtocol+WKWebVIew.h"; sourceTree = "<group>"; };
		C70B57A52112AC200024D60B /* NSURLProtocol+UIWebVIew.h */ = {isa = PBXFileReference; fileEncoding = 4; lastKnownFileType = sourcecode.c.h; path = "NSURLProtocol+UIWebVIew.h"; sourceTree = "<group>"; };
		C70EBD2A2016D4C500413F85 /* HLPlayerViewController.h */ = {isa = PBXFileReference; lastKnownFileType = sourcecode.c.h; path = HLPlayerViewController.h; sourceTree = "<group>"; };
		C70EBD2B2016D4C500413F85 /* HLPlayerViewController.m */ = {isa = PBXFileReference; lastKnownFileType = sourcecode.c.objc; path = HLPlayerViewController.m; sourceTree = "<group>"; };
		C7240A911FA174D3000684F1 /* VipVideo-iPhone.app */ = {isa = PBXFileReference; explicitFileType = wrapper.application; includeInIndex = 0; path = "VipVideo-iPhone.app"; sourceTree = BUILT_PRODUCTS_DIR; };
		C7240A941FA174D3000684F1 /* AppDelegate.h */ = {isa = PBXFileReference; lastKnownFileType = sourcecode.c.h; path = AppDelegate.h; sourceTree = "<group>"; };
		C7240A951FA174D3000684F1 /* AppDelegate.m */ = {isa = PBXFileReference; lastKnownFileType = sourcecode.c.objc; path = AppDelegate.m; sourceTree = "<group>"; };
		C7240A9B1FA174D3000684F1 /* Base */ = {isa = PBXFileReference; lastKnownFileType = file.storyboard; name = Base; path = Base.lproj/Main.storyboard; sourceTree = "<group>"; };
		C7240A9D1FA174D3000684F1 /* Assets.xcassets */ = {isa = PBXFileReference; lastKnownFileType = folder.assetcatalog; path = Assets.xcassets; sourceTree = "<group>"; };
		C7240AA01FA174D3000684F1 /* Base */ = {isa = PBXFileReference; lastKnownFileType = file.storyboard; name = Base; path = Base.lproj/LaunchScreen.storyboard; sourceTree = "<group>"; };
		C7240AA21FA174D3000684F1 /* Info.plist */ = {isa = PBXFileReference; lastKnownFileType = text.plist.xml; path = Info.plist; sourceTree = "<group>"; };
		C7240AA31FA174D3000684F1 /* main.m */ = {isa = PBXFileReference; lastKnownFileType = sourcecode.c.objc; path = main.m; sourceTree = "<group>"; };
		C72675C120E08A2100D1F92E /* HLDownload.xcodeproj */ = {isa = PBXFileReference; lastKnownFileType = "wrapper.pb-project"; name = HLDownload.xcodeproj; path = HLDownload/HLDownload.xcodeproj; sourceTree = "<group>"; };
		C72EE442214F460B00288C1C /* home@2x.png */ = {isa = PBXFileReference; lastKnownFileType = image.png; path = "home@2x.png"; sourceTree = "<group>"; };
		C72EE443214F460B00288C1C /* live@2x.png */ = {isa = PBXFileReference; lastKnownFileType = image.png; path = "live@2x.png"; sourceTree = "<group>"; };
		C72EE446214F4BEE00288C1C /* platlist@2x.png */ = {isa = PBXFileReference; lastKnownFileType = image.png; path = "platlist@2x.png"; sourceTree = "<group>"; };
		C72EE447214F4BEE00288C1C /* VIP@2x.png */ = {isa = PBXFileReference; lastKnownFileType = image.png; path = "VIP@2x.png"; sourceTree = "<group>"; };
		C72EE44A214F51BC00288C1C /* mine@2x.png */ = {isa = PBXFileReference; lastKnownFileType = image.png; path = "mine@2x.png"; sourceTree = "<group>"; };
		C72EE44E214F51ED00288C1C /* HLHomeViewController.m */ = {isa = PBXFileReference; fileEncoding = 4; lastKnownFileType = sourcecode.c.objc; path = HLHomeViewController.m; sourceTree = "<group>"; };
		C72EE44F214F51ED00288C1C /* HLHomeViewController.h */ = {isa = PBXFileReference; fileEncoding = 4; lastKnownFileType = sourcecode.c.h; path = HLHomeViewController.h; sourceTree = "<group>"; };
		C72EE451214F51ED00288C1C /* WMPlayerModel.m */ = {isa = PBXFileReference; fileEncoding = 4; lastKnownFileType = sourcecode.c.objc; path = WMPlayerModel.m; sourceTree = "<group>"; };
		C72EE452214F51ED00288C1C /* WMPlayer.bundle */ = {isa = PBXFileReference; lastKnownFileType = "wrapper.plug-in"; path = WMPlayer.bundle; sourceTree = "<group>"; };
		C72EE453214F51ED00288C1C /* WMPlayer.h */ = {isa = PBXFileReference; fileEncoding = 4; lastKnownFileType = sourcecode.c.h; path = WMPlayer.h; sourceTree = "<group>"; };
		C72EE454214F51ED00288C1C /* WMPlayerModel.h */ = {isa = PBXFileReference; fileEncoding = 4; lastKnownFileType = sourcecode.c.h; path = WMPlayerModel.h; sourceTree = "<group>"; };
		C72EE456214F51ED00288C1C /* WMLightView.h */ = {isa = PBXFileReference; fileEncoding = 4; lastKnownFileType = sourcecode.c.h; path = WMLightView.h; sourceTree = "<group>"; };
		C72EE457214F51ED00288C1C /* FastForwardView.h */ = {isa = PBXFileReference; fileEncoding = 4; lastKnownFileType = sourcecode.c.h; path = FastForwardView.h; sourceTree = "<group>"; };
		C72EE458214F51ED00288C1C /* WMLightView.m */ = {isa = PBXFileReference; fileEncoding = 4; lastKnownFileType = sourcecode.c.objc; path = WMLightView.m; sourceTree = "<group>"; };
		C72EE459214F51ED00288C1C /* FastForwardView.m */ = {isa = PBXFileReference; fileEncoding = 4; lastKnownFileType = sourcecode.c.objc; path = FastForwardView.m; sourceTree = "<group>"; };
		C72EE45A214F51ED00288C1C /* WMPlayer.m */ = {isa = PBXFileReference; fileEncoding = 4; lastKnownFileType = sourcecode.c.objc; path = WMPlayer.m; sourceTree = "<group>"; };
		C72EE45C214F51ED00288C1C /* QSPDownloadTool.m */ = {isa = PBXFileReference; fileEncoding = 4; lastKnownFileType = sourcecode.c.objc; path = QSPDownloadTool.m; sourceTree = "<group>"; };
		C72EE45D214F51ED00288C1C /* FinishedViewController.h */ = {isa = PBXFileReference; fileEncoding = 4; lastKnownFileType = sourcecode.c.h; path = FinishedViewController.h; sourceTree = "<group>"; };
		C72EE45E214F51ED00288C1C /* DownloadViewController.m */ = {isa = PBXFileReference; fileEncoding = 4; lastKnownFileType = sourcecode.c.objc; path = DownloadViewController.m; sourceTree = "<group>"; };
		C72EE45F214F51ED00288C1C /* DownLoadCell.h */ = {isa = PBXFileReference; fileEncoding = 4; lastKnownFileType = sourcecode.c.h; path = DownLoadCell.h; sourceTree = "<group>"; };
		C72EE460214F51ED00288C1C /* AppDelegate+Download.h */ = {isa = PBXFileReference; fileEncoding = 4; lastKnownFileType = sourcecode.c.h; path = "AppDelegate+Download.h"; sourceTree = "<group>"; };
		C72EE461214F51ED00288C1C /* FinishedViewController.m */ = {isa = PBXFileReference; fileEncoding = 4; lastKnownFileType = sourcecode.c.objc; path = FinishedViewController.m; sourceTree = "<group>"; };
		C72EE462214F51ED00288C1C /* QSPDownloadTool.h */ = {isa = PBXFileReference; fileEncoding = 4; lastKnownFileType = sourcecode.c.h; path = QSPDownloadTool.h; sourceTree = "<group>"; };
		C72EE463214F51ED00288C1C /* DownloadViewController.h */ = {isa = PBXFileReference; fileEncoding = 4; lastKnownFileType = sourcecode.c.h; path = DownloadViewController.h; sourceTree = "<group>"; };
		C72EE464214F51ED00288C1C /* DownLoadCell.m */ = {isa = PBXFileReference; fileEncoding = 4; lastKnownFileType = sourcecode.c.objc; path = DownLoadCell.m; sourceTree = "<group>"; };
		C72EE465214F51ED00288C1C /* AppDelegate+Download.m */ = {isa = PBXFileReference; fileEncoding = 4; lastKnownFileType = sourcecode.c.objc; path = "AppDelegate+Download.m"; sourceTree = "<group>"; };
		C72EE467214F51ED00288C1C /* HLTVHomeViewController.m */ = {isa = PBXFileReference; fileEncoding = 4; lastKnownFileType = sourcecode.c.objc; path = HLTVHomeViewController.m; sourceTree = "<group>"; };
		C72EE468214F51ED00288C1C /* HLTVListViewController.m */ = {isa = PBXFileReference; fileEncoding = 4; lastKnownFileType = sourcecode.c.objc; path = HLTVListViewController.m; sourceTree = "<group>"; };
		C72EE46A214F51ED00288C1C /* MMovieModel.h */ = {isa = PBXFileReference; fileEncoding = 4; lastKnownFileType = sourcecode.c.h; path = MMovieModel.h; sourceTree = "<group>"; };
		C72EE46B214F51ED00288C1C /* MMovieModel.m */ = {isa = PBXFileReference; fileEncoding = 4; lastKnownFileType = sourcecode.c.objc; path = MMovieModel.m; sourceTree = "<group>"; };
		C72EE46E214F51ED00288C1C /* ListTableViewCell.h */ = {isa = PBXFileReference; fileEncoding = 4; lastKnownFileType = sourcecode.c.h; path = ListTableViewCell.h; sourceTree = "<group>"; };
		C72EE46F214F51ED00288C1C /* ListTableViewCell.m */ = {isa = PBXFileReference; fileEncoding = 4; lastKnownFileType = sourcecode.c.objc; path = ListTableViewCell.m; sourceTree = "<group>"; };
		C72EE470214F51ED00288C1C /* HLTVListViewController.h */ = {isa = PBXFileReference; fileEncoding = 4; lastKnownFileType = sourcecode.c.h; path = HLTVListViewController.h; sourceTree = "<group>"; };
		C72EE471214F51ED00288C1C /* HLTVHomeViewController.h */ = {isa = PBXFileReference; fileEncoding = 4; lastKnownFileType = sourcecode.c.h; path = HLTVHomeViewController.h; sourceTree = "<group>"; };
		C72EE485214F530000288C1C /* HLMineViewController.h */ = {isa = PBXFileReference; lastKnownFileType = sourcecode.c.h; path = HLMineViewController.h; sourceTree = "<group>"; };
		C72EE486214F530000288C1C /* HLMineViewController.m */ = {isa = PBXFileReference; lastKnownFileType = sourcecode.c.objc; path = HLMineViewController.m; sourceTree = "<group>"; };
		C72EE488214F588D00288C1C /* download@2x.png */ = {isa = PBXFileReference; lastKnownFileType = image.png; path = "download@2x.png"; sourceTree = "<group>"; };
		C72EE48C214F5D0900288C1C /* PrefixHeader.pch */ = {isa = PBXFileReference; fileEncoding = 4; lastKnownFileType = sourcecode.c.h; name = PrefixHeader.pch; path = "VipVideo-iPhone/PrefixHeader.pch"; sourceTree = SOURCE_ROOT; };
/* End PBXFileReference section */

/* Begin PBXFrameworksBuildPhase section */
		C7240A8E1FA174D3000684F1 /* Frameworks */ = {
			isa = PBXFrameworksBuildPhase;
			buildActionMask = 2147483647;
			files = (
				C72675C720E08A2A00D1F92E /* HLDownload.framework in Frameworks */,
				088C7960D08CBD6A7BFBE2BD /* libPods-VipVideo-iPhone.a in Frameworks */,
			);
			runOnlyForDeploymentPostprocessing = 0;
		};
/* End PBXFrameworksBuildPhase section */

/* Begin PBXGroup section */
		2F9E4F54096B0295DE574240 /* Pods */ = {
			isa = PBXGroup;
			children = (
				374B924D2BF783FA18A84027 /* Pods-VipVideo-iPhone.debug.xcconfig */,
				3FFBABEA1A43DE0B38ED6A63 /* Pods-VipVideo-iPhone.release.xcconfig */,
			);
			name = Pods;
			sourceTree = "<group>";
		};
		3B0076D6332F4C32AECFFA55 /* Frameworks */ = {
			isa = PBXGroup;
			children = (
				683C5E4E62598A710103B4DC /* libPods-VipVideo-iPhone.a */,
			);
			name = Frameworks;
			sourceTree = "<group>";
		};
		4FB74BA721CE85AC00F52070 /* Other */ = {
			isa = PBXGroup;
			children = (
				4FB74BA821CE85AC00F52070 /* UIButton+Addition.m */,
				4FB74BA921CE85AC00F52070 /* UIButton+Addition.h */,
			);
			path = Other;
			sourceTree = "<group>";
		};
		C70B579A2112AC200024D60B /* Data */ = {
			isa = PBXGroup;
			children = (
				C70B579E2112AC200024D60B /* JSONKit.h */,
				C70B579C2112AC200024D60B /* JSONKit.m */,
				C70B579B2112AC200024D60B /* VipURLManager.h */,
				C70B579D2112AC200024D60B /* VipURLManager.m */,
				C70B579F2112AC200024D60B /* NSURLProtocol */,
			);
			path = Data;
			sourceTree = "<group>";
		};
		C70B579F2112AC200024D60B /* NSURLProtocol */ = {
			isa = PBXGroup;
			children = (
				C70B57A42112AC200024D60B /* NSURLProtocol+WKWebVIew.h */,
				C70B57A12112AC200024D60B /* NSURLProtocol+WKWebVIew.m */,
				C70B57A52112AC200024D60B /* NSURLProtocol+UIWebVIew.h */,
				C70B57A22112AC200024D60B /* NSURLProtocol+UIWebVIew.m */,
				C70B57A32112AC200024D60B /* HybridNSURLProtocol.h */,
				C70B57A02112AC200024D60B /* HybridNSURLProtocol.m */,
			);
			path = NSURLProtocol;
			sourceTree = "<group>";
		};
		C70B57B62112ACA50024D60B /* Support File */ = {
			isa = PBXGroup;
			children = (
				C72EE48C214F5D0900288C1C /* PrefixHeader.pch */,
				C7240A9A1FA174D3000684F1 /* Main.storyboard */,
				C7240A9D1FA174D3000684F1 /* Assets.xcassets */,
				C7240A9F1FA174D3000684F1 /* LaunchScreen.storyboard */,
				C7240AA21FA174D3000684F1 /* Info.plist */,
				C7240AA31FA174D3000684F1 /* main.m */,
			);
			path = "Support File";
			sourceTree = "<group>";
		};
		C7240A881FA174D3000684F1 = {
			isa = PBXGroup;
			children = (
				C72675C120E08A2100D1F92E /* HLDownload.xcodeproj */,
				C7240A931FA174D3000684F1 /* VipVideo-iPhone */,
				C7240A921FA174D3000684F1 /* Products */,
				2F9E4F54096B0295DE574240 /* Pods */,
				3B0076D6332F4C32AECFFA55 /* Frameworks */,
			);
			sourceTree = "<group>";
		};
		C7240A921FA174D3000684F1 /* Products */ = {
			isa = PBXGroup;
			children = (
				C7240A911FA174D3000684F1 /* VipVideo-iPhone.app */,
			);
			name = Products;
			sourceTree = "<group>";
		};
		C7240A931FA174D3000684F1 /* VipVideo-iPhone */ = {
			isa = PBXGroup;
			children = (
				4FB74BAB21CE868A00F52070 /* README.md */,
				C7240A941FA174D3000684F1 /* AppDelegate.h */,
				C7240A951FA174D3000684F1 /* AppDelegate.m */,
				C70EBD2A2016D4C500413F85 /* HLPlayerViewController.h */,
				C70EBD2B2016D4C500413F85 /* HLPlayerViewController.m */,
				4FA2AA9C20E27B9E0010144F /* HLTabBarController.h */,
				4FA2AA9D20E27B9E0010144F /* HLTabBarController.m */,
				C72EE44C214F51ED00288C1C /* Class */,
				C70B579A2112AC200024D60B /* Data */,
				4FB74BA721CE85AC00F52070 /* Other */,
				C72EE441214F460B00288C1C /* Resources */,
				C70B57B62112ACA50024D60B /* Support File */,
			);
			path = "VipVideo-iPhone";
			sourceTree = "<group>";
		};
		C72675C220E08A2100D1F92E /* Products */ = {
			isa = PBXGroup;
			children = (
				C72675C620E08A2100D1F92E /* HLDownload.framework */,
			);
			name = Products;
			sourceTree = "<group>";
		};
		C72EE441214F460B00288C1C /* Resources */ = {
			isa = PBXGroup;
			children = (
				C72EE488214F588D00288C1C /* download@2x.png */,
				C72EE446214F4BEE00288C1C /* platlist@2x.png */,
				C72EE447214F4BEE00288C1C /* VIP@2x.png */,
				C72EE442214F460B00288C1C /* home@2x.png */,
				C72EE443214F460B00288C1C /* live@2x.png */,
				C72EE44A214F51BC00288C1C /* mine@2x.png */,
			);
			path = Resources;
			sourceTree = "<group>";
		};
		C72EE44C214F51ED00288C1C /* Class */ = {
			isa = PBXGroup;
			children = (
				C72EE481214F520200288C1C /* Mine */,
				C72EE44D214F51ED00288C1C /* Home */,
				C72EE450214F51ED00288C1C /* WMPlayer */,
				C72EE45B214F51ED00288C1C /* QSPDownload */,
				C72EE466214F51ED00288C1C /* TV */,
			);
			path = Class;
			sourceTree = "<group>";
		};
		C72EE44D214F51ED00288C1C /* Home */ = {
			isa = PBXGroup;
			children = (
				C72EE44F214F51ED00288C1C /* HLHomeViewController.h */,
				C72EE44E214F51ED00288C1C /* HLHomeViewController.m */,
			);
			path = Home;
			sourceTree = "<group>";
		};
		C72EE450214F51ED00288C1C /* WMPlayer */ = {
			isa = PBXGroup;
			children = (
				C72EE455214F51ED00288C1C /* View */,
				C72EE452214F51ED00288C1C /* WMPlayer.bundle */,
				C72EE453214F51ED00288C1C /* WMPlayer.h */,
				C72EE45A214F51ED00288C1C /* WMPlayer.m */,
				C72EE454214F51ED00288C1C /* WMPlayerModel.h */,
				C72EE451214F51ED00288C1C /* WMPlayerModel.m */,
			);
			path = WMPlayer;
			sourceTree = "<group>";
		};
		C72EE455214F51ED00288C1C /* View */ = {
			isa = PBXGroup;
			children = (
				C72EE457214F51ED00288C1C /* FastForwardView.h */,
				C72EE459214F51ED00288C1C /* FastForwardView.m */,
				C72EE456214F51ED00288C1C /* WMLightView.h */,
				C72EE458214F51ED00288C1C /* WMLightView.m */,
			);
			path = View;
			sourceTree = "<group>";
		};
		C72EE45B214F51ED00288C1C /* QSPDownload */ = {
			isa = PBXGroup;
			children = (
				C72EE460214F51ED00288C1C /* AppDelegate+Download.h */,
				C72EE465214F51ED00288C1C /* AppDelegate+Download.m */,
				C72EE45F214F51ED00288C1C /* DownLoadCell.h */,
				C72EE464214F51ED00288C1C /* DownLoadCell.m */,
				C72EE463214F51ED00288C1C /* DownloadViewController.h */,
				C72EE45E214F51ED00288C1C /* DownloadViewController.m */,
				C72EE45D214F51ED00288C1C /* FinishedViewController.h */,
				C72EE461214F51ED00288C1C /* FinishedViewController.m */,
				C72EE462214F51ED00288C1C /* QSPDownloadTool.h */,
				C72EE45C214F51ED00288C1C /* QSPDownloadTool.m */,
			);
			path = QSPDownload;
			sourceTree = "<group>";
		};
		C72EE466214F51ED00288C1C /* TV */ = {
			isa = PBXGroup;
			children = (
				C72EE471214F51ED00288C1C /* HLTVHomeViewController.h */,
				C72EE467214F51ED00288C1C /* HLTVHomeViewController.m */,
				C72EE470214F51ED00288C1C /* HLTVListViewController.h */,
				C72EE468214F51ED00288C1C /* HLTVListViewController.m */,
				C72EE469214F51ED00288C1C /* Model */,
				C72EE46D214F51ED00288C1C /* View */,
			);
			path = TV;
			sourceTree = "<group>";
		};
		C72EE469214F51ED00288C1C /* Model */ = {
			isa = PBXGroup;
			children = (
				C72EE46A214F51ED00288C1C /* MMovieModel.h */,
				C72EE46B214F51ED00288C1C /* MMovieModel.m */,
				C72EE46C214F51ED00288C1C /* AdvancedBarrage */,
			);
			path = Model;
			sourceTree = "<group>";
		};
		C72EE46C214F51ED00288C1C /* AdvancedBarrage */ = {
			isa = PBXGroup;
			children = (
			);
			path = AdvancedBarrage;
			sourceTree = "<group>";
		};
		C72EE46D214F51ED00288C1C /* View */ = {
			isa = PBXGroup;
			children = (
				C72EE46E214F51ED00288C1C /* ListTableViewCell.h */,
				C72EE46F214F51ED00288C1C /* ListTableViewCell.m */,
			);
			path = View;
			sourceTree = "<group>";
		};
		C72EE481214F520200288C1C /* Mine */ = {
			isa = PBXGroup;
			children = (
				C72EE485214F530000288C1C /* HLMineViewController.h */,
				C72EE486214F530000288C1C /* HLMineViewController.m */,
			);
			path = Mine;
			sourceTree = "<group>";
		};
/* End PBXGroup section */

/* Begin PBXNativeTarget section */
		C7240A901FA174D3000684F1 /* VipVideo-iPhone */ = {
			isa = PBXNativeTarget;
			buildConfigurationList = C7240AA71FA174D3000684F1 /* Build configuration list for PBXNativeTarget "VipVideo-iPhone" */;
			buildPhases = (
				6B742387FC91B716597E8EF9 /* [CP] Check Pods Manifest.lock */,
				C7240A8D1FA174D3000684F1 /* Sources */,
				C7240A8E1FA174D3000684F1 /* Frameworks */,
				C7240A8F1FA174D3000684F1 /* Resources */,
				A69892C1BD1C8F0115A4039D /* [CP] Copy Pods Resources */,
				C72675CB20E08A2A00D1F92E /* Embed Frameworks */,
			);
			buildRules = (
			);
			dependencies = (
				C72675CA20E08A2A00D1F92E /* PBXTargetDependency */,
			);
			name = "VipVideo-iPhone";
			productName = "VipVideo-iPhone";
			productReference = C7240A911FA174D3000684F1 /* VipVideo-iPhone.app */;
			productType = "com.apple.product-type.application";
		};
/* End PBXNativeTarget section */

/* Begin PBXProject section */
		C7240A891FA174D3000684F1 /* Project object */ = {
			isa = PBXProject;
			attributes = {
				LastUpgradeCheck = 0940;
				ORGANIZATIONNAME = SV;
				TargetAttributes = {
					C7240A901FA174D3000684F1 = {
						CreatedOnToolsVersion = 9.0.1;
						ProvisioningStyle = Manual;
					};
				};
			};
			buildConfigurationList = C7240A8C1FA174D3000684F1 /* Build configuration list for PBXProject "VipVideo-iPhone" */;
			compatibilityVersion = "Xcode 8.0";
			developmentRegion = en;
			hasScannedForEncodings = 0;
			knownRegions = (
				en,
				Base,
			);
			mainGroup = C7240A881FA174D3000684F1;
			productRefGroup = C7240A921FA174D3000684F1 /* Products */;
			projectDirPath = "";
			projectReferences = (
				{
					ProductGroup = C72675C220E08A2100D1F92E /* Products */;
					ProjectRef = C72675C120E08A2100D1F92E /* HLDownload.xcodeproj */;
				},
			);
			projectRoot = "";
			targets = (
				C7240A901FA174D3000684F1 /* VipVideo-iPhone */,
			);
		};
/* End PBXProject section */

/* Begin PBXReferenceProxy section */
		C72675C620E08A2100D1F92E /* HLDownload.framework */ = {
			isa = PBXReferenceProxy;
			fileType = wrapper.framework;
			path = HLDownload.framework;
			remoteRef = C72675C520E08A2100D1F92E /* PBXContainerItemProxy */;
			sourceTree = BUILT_PRODUCTS_DIR;
		};
/* End PBXReferenceProxy section */

/* Begin PBXResourcesBuildPhase section */
		C7240A8F1FA174D3000684F1 /* Resources */ = {
			isa = PBXResourcesBuildPhase;
			buildActionMask = 2147483647;
			files = (
				C7240AA11FA174D3000684F1 /* LaunchScreen.storyboard in Resources */,
				C72EE448214F4BEE00288C1C /* platlist@2x.png in Resources */,
				C72EE449214F4BEE00288C1C /* VIP@2x.png in Resources */,
				C7240A9E1FA174D3000684F1 /* Assets.xcassets in Resources */,
				C7240A9C1FA174D3000684F1 /* Main.storyboard in Resources */,
				C72EE445214F460B00288C1C /* live@2x.png in Resources */,
				4FB74BAC21CE868A00F52070 /* README.md in Resources */,
				C72EE489214F588D00288C1C /* download@2x.png in Resources */,
				C72EE444214F460B00288C1C /* home@2x.png in Resources */,
				C72EE474214F51ED00288C1C /* WMPlayer.bundle in Resources */,
				C72EE44B214F51BD00288C1C /* mine@2x.png in Resources */,
			);
			runOnlyForDeploymentPostprocessing = 0;
		};
/* End PBXResourcesBuildPhase section */

/* Begin PBXShellScriptBuildPhase section */
		6B742387FC91B716597E8EF9 /* [CP] Check Pods Manifest.lock */ = {
			isa = PBXShellScriptBuildPhase;
			buildActionMask = 2147483647;
			files = (
			);
			inputPaths = (
				"${PODS_PODFILE_DIR_PATH}/Podfile.lock",
				"${PODS_ROOT}/Manifest.lock",
			);
			name = "[CP] Check Pods Manifest.lock";
			outputPaths = (
				"$(DERIVED_FILE_DIR)/Pods-VipVideo-iPhone-checkManifestLockResult.txt",
			);
			runOnlyForDeploymentPostprocessing = 0;
			shellPath = /bin/sh;
			shellScript = "diff \"${PODS_PODFILE_DIR_PATH}/Podfile.lock\" \"${PODS_ROOT}/Manifest.lock\" > /dev/null\nif [ $? != 0 ] ; then\n    # print error to STDERR\n    echo \"error: The sandbox is not in sync with the Podfile.lock. Run 'pod install' or update your CocoaPods installation.\" >&2\n    exit 1\nfi\n# This output is used by Xcode 'outputs' to avoid re-running this script phase.\necho \"SUCCESS\" > \"${SCRIPT_OUTPUT_FILE_0}\"\n";
			showEnvVarsInLog = 0;
		};
		A69892C1BD1C8F0115A4039D /* [CP] Copy Pods Resources */ = {
			isa = PBXShellScriptBuildPhase;
			buildActionMask = 2147483647;
			files = (
			);
			inputPaths = (
				"${SRCROOT}/Pods/Target Support Files/Pods-VipVideo-iPhone/Pods-VipVideo-iPhone-resources.sh",
				"${PODS_ROOT}/AXIndicatorView/AXIndicatorView/Classes/AXIndicatorView.bundle",
				"${PODS_ROOT}/AXPracticalHUD/AXPracticalHUD/AXPracticalHUD/AXPracticalHUD.bundle",
				"${PODS_ROOT}/AXWebViewController/AXWebViewController/AXWebViewController/AXWebViewController.bundle",
			);
			name = "[CP] Copy Pods Resources";
			outputPaths = (
				"${TARGET_BUILD_DIR}/${UNLOCALIZED_RESOURCES_FOLDER_PATH}/AXIndicatorView.bundle",
				"${TARGET_BUILD_DIR}/${UNLOCALIZED_RESOURCES_FOLDER_PATH}/AXPracticalHUD.bundle",
				"${TARGET_BUILD_DIR}/${UNLOCALIZED_RESOURCES_FOLDER_PATH}/AXWebViewController.bundle",
			);
			runOnlyForDeploymentPostprocessing = 0;
			shellPath = /bin/sh;
			shellScript = "\"${SRCROOT}/Pods/Target Support Files/Pods-VipVideo-iPhone/Pods-VipVideo-iPhone-resources.sh\"\n";
			showEnvVarsInLog = 0;
		};
/* End PBXShellScriptBuildPhase section */

/* Begin PBXSourcesBuildPhase section */
		C7240A8D1FA174D3000684F1 /* Sources */ = {
			isa = PBXSourcesBuildPhase;
			buildActionMask = 2147483647;
			files = (
				C70B57AA2112AC200024D60B /* NSURLProtocol+UIWebVIew.m in Sources */,
				C72EE47C214F51ED00288C1C /* AppDelegate+Download.m in Sources */,
				C72EE47B214F51ED00288C1C /* DownLoadCell.m in Sources */,
				C72EE47A214F51ED00288C1C /* FinishedViewController.m in Sources */,
				4FB74BAA21CE85AC00F52070 /* UIButton+Addition.m in Sources */,
				C72EE478214F51ED00288C1C /* QSPDownloadTool.m in Sources */,
				C70B57A72112AC200024D60B /* VipURLManager.m in Sources */,
				C72EE47F214F51ED00288C1C /* MMovieModel.m in Sources */,
				C70B57A92112AC200024D60B /* NSURLProtocol+WKWebVIew.m in Sources */,
				C72EE475214F51ED00288C1C /* WMLightView.m in Sources */,
				C72EE472214F51ED00288C1C /* HLHomeViewController.m in Sources */,
				C72EE47D214F51ED00288C1C /* HLTVHomeViewController.m in Sources */,
				C7240AA41FA174D3000684F1 /* main.m in Sources */,
				C72EE480214F51ED00288C1C /* ListTableViewCell.m in Sources */,
				C72EE473214F51ED00288C1C /* WMPlayerModel.m in Sources */,
				C70B57A62112AC200024D60B /* JSONKit.m in Sources */,
				C70B57A82112AC200024D60B /* HybridNSURLProtocol.m in Sources */,
				C72EE479214F51ED00288C1C /* DownloadViewController.m in Sources */,
				C72EE47E214F51ED00288C1C /* HLTVListViewController.m in Sources */,
				C72EE476214F51ED00288C1C /* FastForwardView.m in Sources */,
				C72EE477214F51ED00288C1C /* WMPlayer.m in Sources */,
				C7240A961FA174D3000684F1 /* AppDelegate.m in Sources */,
				C72EE487214F530000288C1C /* HLMineViewController.m in Sources */,
				C70EBD2C2016D4C500413F85 /* HLPlayerViewController.m in Sources */,
				4FA2AA9E20E27B9E0010144F /* HLTabBarController.m in Sources */,
			);
			runOnlyForDeploymentPostprocessing = 0;
		};
/* End PBXSourcesBuildPhase section */

/* Begin PBXTargetDependency section */
		C72675CA20E08A2A00D1F92E /* PBXTargetDependency */ = {
			isa = PBXTargetDependency;
			name = HLDownload;
			targetProxy = C72675C920E08A2A00D1F92E /* PBXContainerItemProxy */;
		};
/* End PBXTargetDependency section */

/* Begin PBXVariantGroup section */
		C7240A9A1FA174D3000684F1 /* Main.storyboard */ = {
			isa = PBXVariantGroup;
			children = (
				C7240A9B1FA174D3000684F1 /* Base */,
			);
			name = Main.storyboard;
			sourceTree = "<group>";
		};
		C7240A9F1FA174D3000684F1 /* LaunchScreen.storyboard */ = {
			isa = PBXVariantGroup;
			children = (
				C7240AA01FA174D3000684F1 /* Base */,
			);
			name = LaunchScreen.storyboard;
			sourceTree = "<group>";
		};
/* End PBXVariantGroup section */

/* Begin XCBuildConfiguration section */
		C7240AA51FA174D3000684F1 /* Debug */ = {
			isa = XCBuildConfiguration;
			buildSettings = {
				ALWAYS_SEARCH_USER_PATHS = NO;
				CLANG_ANALYZER_NONNULL = YES;
				CLANG_ANALYZER_NUMBER_OBJECT_CONVERSION = YES_AGGRESSIVE;
				CLANG_CXX_LANGUAGE_STANDARD = "gnu++14";
				CLANG_CXX_LIBRARY = "libc++";
				CLANG_ENABLE_MODULES = YES;
				CLANG_ENABLE_OBJC_ARC = YES;
				CLANG_WARN_BLOCK_CAPTURE_AUTORELEASING = YES;
				CLANG_WARN_BOOL_CONVERSION = YES;
				CLANG_WARN_COMMA = YES;
				CLANG_WARN_CONSTANT_CONVERSION = YES;
				CLANG_WARN_DEPRECATED_OBJC_IMPLEMENTATIONS = YES;
				CLANG_WARN_DIRECT_OBJC_ISA_USAGE = YES_ERROR;
				CLANG_WARN_DOCUMENTATION_COMMENTS = YES;
				CLANG_WARN_EMPTY_BODY = YES;
				CLANG_WARN_ENUM_CONVERSION = YES;
				CLANG_WARN_INFINITE_RECURSION = YES;
				CLANG_WARN_INT_CONVERSION = YES;
				CLANG_WARN_NON_LITERAL_NULL_CONVERSION = YES;
				CLANG_WARN_OBJC_IMPLICIT_RETAIN_SELF = YES;
				CLANG_WARN_OBJC_LITERAL_CONVERSION = YES;
				CLANG_WARN_OBJC_ROOT_CLASS = YES_ERROR;
				CLANG_WARN_RANGE_LOOP_ANALYSIS = YES;
				CLANG_WARN_STRICT_PROTOTYPES = YES;
				CLANG_WARN_SUSPICIOUS_MOVE = YES;
				CLANG_WARN_UNGUARDED_AVAILABILITY = YES_AGGRESSIVE;
				CLANG_WARN_UNREACHABLE_CODE = YES;
				CLANG_WARN__DUPLICATE_METHOD_MATCH = YES;
				CODE_SIGN_IDENTITY = "iPhone Developer";
				COPY_PHASE_STRIP = NO;
				DEBUG_INFORMATION_FORMAT = dwarf;
				ENABLE_STRICT_OBJC_MSGSEND = YES;
				ENABLE_TESTABILITY = YES;
				GCC_C_LANGUAGE_STANDARD = gnu11;
				GCC_DYNAMIC_NO_PIC = NO;
				GCC_NO_COMMON_BLOCKS = YES;
				GCC_OPTIMIZATION_LEVEL = 0;
				GCC_PREPROCESSOR_DEFINITIONS = (
					"DEBUG=1",
					"$(inherited)",
				);
				GCC_WARN_64_TO_32_BIT_CONVERSION = YES;
				GCC_WARN_ABOUT_RETURN_TYPE = YES_ERROR;
				GCC_WARN_UNDECLARED_SELECTOR = YES;
				GCC_WARN_UNINITIALIZED_AUTOS = YES_AGGRESSIVE;
				GCC_WARN_UNUSED_FUNCTION = YES;
				GCC_WARN_UNUSED_VARIABLE = YES;
				IPHONEOS_DEPLOYMENT_TARGET = 8.0;
				MTL_ENABLE_DEBUG_INFO = YES;
				ONLY_ACTIVE_ARCH = YES;
				SDKROOT = iphoneos;
			};
			name = Debug;
		};
		C7240AA61FA174D3000684F1 /* Release */ = {
			isa = XCBuildConfiguration;
			buildSettings = {
				ALWAYS_SEARCH_USER_PATHS = NO;
				CLANG_ANALYZER_NONNULL = YES;
				CLANG_ANALYZER_NUMBER_OBJECT_CONVERSION = YES_AGGRESSIVE;
				CLANG_CXX_LANGUAGE_STANDARD = "gnu++14";
				CLANG_CXX_LIBRARY = "libc++";
				CLANG_ENABLE_MODULES = YES;
				CLANG_ENABLE_OBJC_ARC = YES;
				CLANG_WARN_BLOCK_CAPTURE_AUTORELEASING = YES;
				CLANG_WARN_BOOL_CONVERSION = YES;
				CLANG_WARN_COMMA = YES;
				CLANG_WARN_CONSTANT_CONVERSION = YES;
				CLANG_WARN_DEPRECATED_OBJC_IMPLEMENTATIONS = YES;
				CLANG_WARN_DIRECT_OBJC_ISA_USAGE = YES_ERROR;
				CLANG_WARN_DOCUMENTATION_COMMENTS = YES;
				CLANG_WARN_EMPTY_BODY = YES;
				CLANG_WARN_ENUM_CONVERSION = YES;
				CLANG_WARN_INFINITE_RECURSION = YES;
				CLANG_WARN_INT_CONVERSION = YES;
				CLANG_WARN_NON_LITERAL_NULL_CONVERSION = YES;
				CLANG_WARN_OBJC_IMPLICIT_RETAIN_SELF = YES;
				CLANG_WARN_OBJC_LITERAL_CONVERSION = YES;
				CLANG_WARN_OBJC_ROOT_CLASS = YES_ERROR;
				CLANG_WARN_RANGE_LOOP_ANALYSIS = YES;
				CLANG_WARN_STRICT_PROTOTYPES = YES;
				CLANG_WARN_SUSPICIOUS_MOVE = YES;
				CLANG_WARN_UNGUARDED_AVAILABILITY = YES_AGGRESSIVE;
				CLANG_WARN_UNREACHABLE_CODE = YES;
				CLANG_WARN__DUPLICATE_METHOD_MATCH = YES;
				CODE_SIGN_IDENTITY = "iPhone Developer";
				COPY_PHASE_STRIP = NO;
				DEBUG_INFORMATION_FORMAT = "dwarf-with-dsym";
				ENABLE_NS_ASSERTIONS = NO;
				ENABLE_STRICT_OBJC_MSGSEND = YES;
				GCC_C_LANGUAGE_STANDARD = gnu11;
				GCC_NO_COMMON_BLOCKS = YES;
				GCC_WARN_64_TO_32_BIT_CONVERSION = YES;
				GCC_WARN_ABOUT_RETURN_TYPE = YES_ERROR;
				GCC_WARN_UNDECLARED_SELECTOR = YES;
				GCC_WARN_UNINITIALIZED_AUTOS = YES_AGGRESSIVE;
				GCC_WARN_UNUSED_FUNCTION = YES;
				GCC_WARN_UNUSED_VARIABLE = YES;
				IPHONEOS_DEPLOYMENT_TARGET = 8.0;
				MTL_ENABLE_DEBUG_INFO = NO;
				SDKROOT = iphoneos;
				VALIDATE_PRODUCT = YES;
			};
			name = Release;
		};
		C7240AA81FA174D3000684F1 /* Debug */ = {
			isa = XCBuildConfiguration;
			baseConfigurationReference = 374B924D2BF783FA18A84027 /* Pods-VipVideo-iPhone.debug.xcconfig */;
			buildSettings = {
				ASSETCATALOG_COMPILER_APPICON_NAME = AppIcon;
				"CODE_SIGN_IDENTITY[sdk=iphoneos*]" = "iPhone Developer";
				CODE_SIGN_STYLE = Manual;
				DEVELOPMENT_TEAM = M675EFBDE2;
				GCC_PREFIX_HEADER = "VipVideo-iPhone/PrefixHeader.pch";
				INFOPLIST_FILE = "$(SRCROOT)/VipVideo-iPhone/Support File/Info.plist";
				LD_RUNPATH_SEARCH_PATHS = "$(inherited) @executable_path/Frameworks";
				PRODUCT_BUNDLE_IDENTIFIER = com.lhl.vipvideo;
				PRODUCT_NAME = "$(TARGET_NAME)";
				PROVISIONING_PROFILE = "4169b125-e44b-4aca-a87c-6fc6ed81ea1f";
				PROVISIONING_PROFILE_SPECIFIER = Common_lhl_Development;
				TARGETED_DEVICE_FAMILY = "1,2";
				USER_HEADER_SEARCH_PATHS = "";
			};
			name = Debug;
		};
		C7240AA91FA174D3000684F1 /* Release */ = {
			isa = XCBuildConfiguration;
			baseConfigurationReference = 3FFBABEA1A43DE0B38ED6A63 /* Pods-VipVideo-iPhone.release.xcconfig */;
			buildSettings = {
				ASSETCATALOG_COMPILER_APPICON_NAME = AppIcon;
				CODE_SIGN_IDENTITY = "iPhone Developer";
				"CODE_SIGN_IDENTITY[sdk=iphoneos*]" = "iPhone Distribution";
				CODE_SIGN_STYLE = Manual;
				DEVELOPMENT_TEAM = M675EFBDE2;
				GCC_PREFIX_HEADER = "VipVideo-iPhone/PrefixHeader.pch";
				INFOPLIST_FILE = "$(SRCROOT)/VipVideo-iPhone/Support File/Info.plist";
				LD_RUNPATH_SEARCH_PATHS = "$(inherited) @executable_path/Frameworks";
				PRODUCT_BUNDLE_IDENTIFIER = com.lhl.vipvideo;
				PRODUCT_NAME = "$(TARGET_NAME)";
				PROVISIONING_PROFILE = "7e347f5b-4673-4593-bcfc-b65051128cdc";
				PROVISIONING_PROFILE_SPECIFIER = vipvideo_Distribution;
				TARGETED_DEVICE_FAMILY = "1,2";
				USER_HEADER_SEARCH_PATHS = "";
			};
			name = Release;
		};
/* End XCBuildConfiguration section */

/* Begin XCConfigurationList section */
		C7240A8C1FA174D3000684F1 /* Build configuration list for PBXProject "VipVideo-iPhone" */ = {
			isa = XCConfigurationList;
			buildConfigurations = (
				C7240AA51FA174D3000684F1 /* Debug */,
				C7240AA61FA174D3000684F1 /* Release */,
			);
			defaultConfigurationIsVisible = 0;
			defaultConfigurationName = Release;
		};
		C7240AA71FA174D3000684F1 /* Build configuration list for PBXNativeTarget "VipVideo-iPhone" */ = {
			isa = XCConfigurationList;
			buildConfigurations = (
				C7240AA81FA174D3000684F1 /* Debug */,
				C7240AA91FA174D3000684F1 /* Release */,
			);
			defaultConfigurationIsVisible = 0;
			defaultConfigurationName = Release;
		};
/* End XCConfigurationList section */
	};
	rootObject = C7240A891FA174D3000684F1 /* Project object */;
}
