PODS:
  - Aspects (1.4.1)
  - AXIndicatorView (0.1.1)
  - AXNavigationBackItemInjection (0.0.2)
  - AXPracticalHUD (2.1.4):
    - AXIndicatorView
  - AXWebViewController (0.7.2):
    - Aspects
    - AXNavigationBackItemInjection
    - AXPracticalHUD
    - NJKWebViewProgress
  - Bugly (2.5.0)
  - CocoaAsyncSocket (7.6.3)
  - CocoaHTTPServer (2.3):
    - CocoaAsyncSocket
    - CocoaLumberjack
  - CocoaLumberjack (3.5.0):
    - CocoaLumberjack/Core (= 3.5.0)
  - CocoaLumberjack/Core (3.5.0)
  - FTPopOverMenu (2.0.3)
  - HLAdditions (1.0.4)
  - Masonry (1.1.0)
  - NJKWebViewProgress (0.2.3):
    - NJKWebViewProgress/Core (= 0.2.3)
    - NJKWebViewProgress/ProgressView (= 0.2.3)
  - NJKWebViewProgress/Core (0.2.3)
  - NJKWebViewProgress/ProgressView (0.2.3)

DEPENDENCIES:
  - AXWebViewController
  - Bugly
  - CocoaHTTPServer
  - FTPopOverMenu
  - HLAdditions
  - Masonry

SPEC REPOS:
  https://github.com/CocoaPods/Specs.git:
    - Aspects
    - AXIndicatorView
    - AXNavigationBackItemInjection
    - AXPracticalHUD
    - AXWebViewController
    - Bugly
    - CocoaAsyncSocket
    - CocoaHTTPServer
    - CocoaLumberjack
    - FTPopOverMenu
    - HLAdditions
    - Masonry
    - NJKWebViewProgress

SPEC CHECKSUMS:
  Aspects: 7595ba96a6727a58ebcbfc954497fc5d2fdde546
  AXIndicatorView: 566b490a2dd9781d4ffbcc9752be9b9cdc6e728e
  AXNavigationBackItemInjection: efe0446967f3cbcc85a9118decd1e145138912dd
  AXPracticalHUD: 821d170b31e050c426ef8754b07b4264a8b1d861
  AXWebViewController: 96566c473fce2806f4da696132b31777f5404c9f
  Bugly: 3ca9f255c01025582df26f9222893b383c7e4b4e
  CocoaAsyncSocket: eafaa68a7e0ec99ead0a7b35015e0bf25d2c8987
  CocoaHTTPServer: 5624681fc3473d43b18202f635f9b3abb013b530
  CocoaLumberjack: cffaa70a9336515228178e3669b71bd49d343850
  FTPopOverMenu: 8aa89de66e72b53db3e7eeab42243d393237768f
  HLAdditions: 611544862c3c85a2c77f165b3e426391e1cbddf0
  Masonry: 678fab65091a9290e40e2832a55e7ab731aad201
  NJKWebViewProgress: f481fd424cb5ecc27eacae11b5397db92fba9a4d

PODFILE CHECKSUM: 72e46e1211eca235fbe4cb099b489ce35a51bf4b

COCOAPODS: 1.8.0.beta.1
